
Microsoft Visual Studio Solution File, Format Version 12.00
# Visual Studio Version 17
VisualStudioVersion = 17.1.32421.90
MinimumVisualStudioVersion = 10.0.40219.1
Project("{FAE04EC0-301F-11D3-BF4B-00C04F79EFBC}") = "Example", "Example.csproj", "{704F22B6-84F4-485E-AB42-520813A19AB9}"
EndProject
Global
	GlobalSection(SolutionConfigurationPlatforms) = preSolution
		Debug|Any CPU = Debug|Any CPU
		Release|Any CPU = Release|Any CPU
	EndGlobalSection
	GlobalSection(ProjectConfigurationPlatforms) = postSolution
		{704F22B6-84F4-485E-AB42-520813A19AB9}.Debug|Any CPU.ActiveCfg = Debug|Any CPU
		{704F22B6-84F4-485E-AB42-520813A19AB9}.Debug|Any CPU.Build.0 = Debug|Any CPU
		{704F22B6-84F4-485E-AB42-520813A19AB9}.Release|Any CPU.ActiveCfg = Release|Any CPU
		{704F22B6-84F4-485E-AB42-520813A19AB9}.Release|Any CPU.Build.0 = Release|Any CPU
	EndGlobalSection
	GlobalSection(SolutionProperties) = preSolution
		HideSolutionNode = FALSE
	EndGlobalSection
	GlobalSection(ExtensibilityGlobals) = postSolution
		SolutionGuid = {3D12966A-7E0C-447C-8183-A786DD355551}
	EndGlobalSection
EndGlobal
